
Microsoft Visual Studio Solution File, Format Version 12.00
# Visual Studio Version 17
VisualStudioVersion = 17.9.34714.143
MinimumVisualStudioVersion = 10.0.40219.1
Project("{FAE04EC0-301F-11D3-BF4B-00C04F79EFBC}") = "QuanLyBanHang2", "QuanLyBanHang2.csproj", "{9340A6B1-DC2B-4E4D-A858-302765BEB0DB}"
EndProject
Global
	GlobalSection(SolutionConfigurationPlatforms) = preSolution
		Debug|Any CPU = Debug|Any CPU
		Release|Any CPU = Release|Any CPU
	EndGlobalSection
	GlobalSection(ProjectConfigurationPlatforms) = postSolution
		{9340A6B1-DC2B-4E4D-A858-302765BEB0DB}.Debug|Any CPU.ActiveCfg = Debug|Any CPU
		{9340A6B1-DC2B-4E4D-A858-302765BEB0DB}.Debug|Any CPU.Build.0 = Debug|Any CPU
		{9340A6B1-DC2B-4E4D-A858-302765BEB0DB}.Release|Any CPU.ActiveCfg = Release|Any CPU
		{9340A6B1-DC2B-4E4D-A858-302765BEB0DB}.Release|Any CPU.Build.0 = Release|Any CPU
	EndGlobalSection
	GlobalSection(SolutionProperties) = preSolution
		HideSolutionNode = FALSE
	EndGlobalSection
	GlobalSection(ExtensibilityGlobals) = postSolution
		SolutionGuid = {C748AA65-D2DC-4DB1-B00C-844F56CF9080}
	EndGlobalSection
EndGlobal
